
Microsoft Visual Studio Solution File, Format Version 12.00
# Visual Studio Version 17
VisualStudioVersion = 17.7.34202.233
MinimumVisualStudioVersion = 10.0.40219.1
Project("{8BC9CEB8-8B4A-11D0-8D11-00A0C91BC942}") = "hw3", "hw3.vcxproj", "{510547FE-CA10-4EB8-89DF-2A1A2E487EA8}"
EndProject
Project("{54435603-DBB4-11D2-8724-00A0C9A8B90C}") = "submit", "..\submit\submit.vdproj", "{E8765DA2-9AAF-4D36-839B-EBAA47B56B8C}"
EndProject
Global
	GlobalSection(SolutionConfigurationPlatforms) = preSolution
		Debug|x64 = Debug|x64
		Debug|x86 = Debug|x86
		Release|x64 = Release|x64
		Release|x86 = Release|x86
	EndGlobalSection
	GlobalSection(ProjectConfigurationPlatforms) = postSolution
		{510547FE-CA10-4EB8-89DF-2A1A2E487EA8}.Debug|x64.ActiveCfg = Debug|x64
		{510547FE-CA10-4EB8-89DF-2A1A2E487EA8}.Debug|x64.Build.0 = Debug|x64
		{510547FE-CA10-4EB8-89DF-2A1A2E487EA8}.Debug|x86.ActiveCfg = Debug|Win32
		{510547FE-CA10-4EB8-89DF-2A1A2E487EA8}.Debug|x86.Build.0 = Debug|Win32
		{510547FE-CA10-4EB8-89DF-2A1A2E487EA8}.Release|x64.ActiveCfg = Release|x64
		{510547FE-CA10-4EB8-89DF-2A1A2E487EA8}.Release|x64.Build.0 = Release|x64
		{510547FE-CA10-4EB8-89DF-2A1A2E487EA8}.Release|x86.ActiveCfg = Release|Win32
		{510547FE-CA10-4EB8-89DF-2A1A2E487EA8}.Release|x86.Build.0 = Release|Win32
		{E8765DA2-9AAF-4D36-839B-EBAA47B56B8C}.Debug|x64.ActiveCfg = Debug
		{E8765DA2-9AAF-4D36-839B-EBAA47B56B8C}.Debug|x86.ActiveCfg = Debug
		{E8765DA2-9AAF-4D36-839B-EBAA47B56B8C}.Release|x64.ActiveCfg = Release
		{E8765DA2-9AAF-4D36-839B-EBAA47B56B8C}.Release|x86.ActiveCfg = Release
	EndGlobalSection
	GlobalSection(SolutionProperties) = preSolution
		HideSolutionNode = FALSE
	EndGlobalSection
	GlobalSection(ExtensibilityGlobals) = postSolution
		SolutionGuid = {D1C06D29-0567-466B-97E7-D52889C325B6}
	EndGlobalSection
EndGlobal
